
Microsoft Visual Studio Solution File, Format Version 12.00
# Visual Studio Version 17
VisualStudioVersion = 17.0.31903.59
MinimumVisualStudioVersion = 10.0.40219.1
Project("{FAE04EC0-301F-11D3-BF4B-00C04F79EFBC}") = "EcommerceAPI", "EcommerceAPI\EcommerceAPI.csproj", "{D53E1433-942E-450D-94E9-398D60B7B3D6}"
EndProject
Project("{FAE04EC0-301F-11D3-BF4B-00C04F79EFBC}") = "EcommerceAPI.Tests", "EcommerceAPI.Tests\EcommerceAPI.Tests.csproj", "{2846BA4B-B178-4BB5-9FF2-73E0A929839C}"
EndProject
Global
	GlobalSection(SolutionConfigurationPlatforms) = preSolution
		Debug|Any CPU = Debug|Any CPU
		Release|Any CPU = Release|Any CPU
	EndGlobalSection
	GlobalSection(SolutionProperties) = preSolution
		HideSolutionNode = FALSE
	EndGlobalSection
	GlobalSection(ProjectConfigurationPlatforms) = postSolution
		{D53E1433-942E-450D-94E9-398D60B7B3D6}.Debug|Any CPU.ActiveCfg = Debug|Any CPU
		{D53E1433-942E-450D-94E9-398D60B7B3D6}.Debug|Any CPU.Build.0 = Debug|Any CPU
		{D53E1433-942E-450D-94E9-398D60B7B3D6}.Release|Any CPU.ActiveCfg = Release|Any CPU
		{D53E1433-942E-450D-94E9-398D60B7B3D6}.Release|Any CPU.Build.0 = Release|Any CPU
		{2846BA4B-B178-4BB5-9FF2-73E0A929839C}.Debug|Any CPU.ActiveCfg = Debug|Any CPU
		{2846BA4B-B178-4BB5-9FF2-73E0A929839C}.Debug|Any CPU.Build.0 = Debug|Any CPU
		{2846BA4B-B178-4BB5-9FF2-73E0A929839C}.Release|Any CPU.ActiveCfg = Release|Any CPU
		{2846BA4B-B178-4BB5-9FF2-73E0A929839C}.Release|Any CPU.Build.0 = Release|Any CPU
	EndGlobalSection
EndGlobal
